
Microsoft Visual Studio Solution File, Format Version 11.00
# Visual Studio 2010
Project("{FAE04EC0-301F-11D3-BF4B-00C04F79EFBC}") = "TestMvcApplication", "TestMvcApplication\TestMvcApplication.csproj", "{A4209349-7622-4A7B-AB1E-0F285ECBE52D}"
EndProject
Project("{FAE04EC0-301F-11D3-BF4B-00C04F79EFBC}") = "ExceptionTest", "ExceptionTest\ExceptionTest.csproj", "{918DF07A-2D74-47A0-AEC5-4CDA0E8B977B}"
EndProject
Project("{FAE04EC0-301F-11D3-BF4B-00C04F79EFBC}") = "Repository", "Repository\Repository.csproj", "{0C11C0F0-6385-405C-B1C5-A60F49255F44}"
EndProject
Project("{FAE04EC0-301F-11D3-BF4B-00C04F79EFBC}") = "TestMvcApplicationAspx", "TestMvcApplicationAspx\TestMvcApplicationAspx.csproj", "{DF552884-601E-4A00-803D-98BAA0B799B3}"
EndProject
Project("{FAE04EC0-301F-11D3-BF4B-00C04F79EFBC}") = "TestWebApplication", "TestWebApplication\TestWebApplication.csproj", "{EB9A21A9-A42D-4C7D-87B3-21D0299C0A76}"
EndProject
Global
	GlobalSection(SolutionConfigurationPlatforms) = preSolution
		Debug|Any CPU = Debug|Any CPU
		Release|Any CPU = Release|Any CPU
	EndGlobalSection
	GlobalSection(ProjectConfigurationPlatforms) = postSolution
		{A4209349-7622-4A7B-AB1E-0F285ECBE52D}.Debug|Any CPU.ActiveCfg = Debug|Any CPU
		{A4209349-7622-4A7B-AB1E-0F285ECBE52D}.Debug|Any CPU.Build.0 = Debug|Any CPU
		{A4209349-7622-4A7B-AB1E-0F285ECBE52D}.Release|Any CPU.ActiveCfg = Release|Any CPU
		{A4209349-7622-4A7B-AB1E-0F285ECBE52D}.Release|Any CPU.Build.0 = Release|Any CPU
		{918DF07A-2D74-47A0-AEC5-4CDA0E8B977B}.Debug|Any CPU.ActiveCfg = Debug|Any CPU
		{918DF07A-2D74-47A0-AEC5-4CDA0E8B977B}.Debug|Any CPU.Build.0 = Debug|Any CPU
		{918DF07A-2D74-47A0-AEC5-4CDA0E8B977B}.Release|Any CPU.ActiveCfg = Release|Any CPU
		{918DF07A-2D74-47A0-AEC5-4CDA0E8B977B}.Release|Any CPU.Build.0 = Release|Any CPU
		{0C11C0F0-6385-405C-B1C5-A60F49255F44}.Debug|Any CPU.ActiveCfg = Debug|Any CPU
		{0C11C0F0-6385-405C-B1C5-A60F49255F44}.Debug|Any CPU.Build.0 = Debug|Any CPU
		{0C11C0F0-6385-405C-B1C5-A60F49255F44}.Release|Any CPU.ActiveCfg = Release|Any CPU
		{0C11C0F0-6385-405C-B1C5-A60F49255F44}.Release|Any CPU.Build.0 = Release|Any CPU
		{DF552884-601E-4A00-803D-98BAA0B799B3}.Debug|Any CPU.ActiveCfg = Debug|Any CPU
		{DF552884-601E-4A00-803D-98BAA0B799B3}.Debug|Any CPU.Build.0 = Debug|Any CPU
		{DF552884-601E-4A00-803D-98BAA0B799B3}.Release|Any CPU.ActiveCfg = Release|Any CPU
		{DF552884-601E-4A00-803D-98BAA0B799B3}.Release|Any CPU.Build.0 = Release|Any CPU
		{EB9A21A9-A42D-4C7D-87B3-21D0299C0A76}.Debug|Any CPU.ActiveCfg = Debug|Any CPU
		{EB9A21A9-A42D-4C7D-87B3-21D0299C0A76}.Debug|Any CPU.Build.0 = Debug|Any CPU
		{EB9A21A9-A42D-4C7D-87B3-21D0299C0A76}.Release|Any CPU.ActiveCfg = Release|Any CPU
		{EB9A21A9-A42D-4C7D-87B3-21D0299C0A76}.Release|Any CPU.Build.0 = Release|Any CPU
	EndGlobalSection
	GlobalSection(SolutionProperties) = preSolution
		HideSolutionNode = FALSE
	EndGlobalSection
EndGlobal
